{
  "requires": true,
  "lockfileVersion": 1,
  "dependencies": {
    "promise-polyfill": {
      "version": "8.1.0",
      "resolved": "https://registry.npmjs.org/promise-polyfill/-/promise-polyfill-8.1.0.tgz",
      "integrity": "sha512-OzSf6gcCUQ01byV4BgwyUCswlaQQ6gzXc23aLQWhicvfX9kfsUiUhgt3CCQej8jDnl8/PhGF31JdHX2/MzF3WA=="
    },
    "react-form-validator-core": {
      "version": "0.6.3",
      "resolved": "https://registry.npmjs.org/react-form-validator-core/-/react-form-validator-core-0.6.3.tgz",
      "integrity": "sha512-77gbQ1CrA9N0EJmOCKnm/aW1DYhRSZ9YSce4Y9/UymDWZU8pR3jLVWaOS6wVVg2fpK8GiZN4YoBRxfpY0p8maA==",
      "requires": {
        "promise-polyfill": "8.1.0",
        "react-lifecycles-compat": "^3.0.2"
      }
    },
    "react-lifecycles-compat": {
      "version": "3.0.4",
      "resolved": "https://registry.npmjs.org/react-lifecycles-compat/-/react-lifecycles-compat-3.0.4.tgz",
      "integrity": "sha512-fBASbA6LnOU9dOU2eW7aQ8xmYBSXUIWr+UmF9b1efZBazGNO+rcXT/icdKnYm2pTwcRylVUYwW7H1PHfLekVzA=="
    },
    "react-material-ui-form-validator": {
      "version": "2.0.8",
      "resolved": "https://registry.npmjs.org/react-material-ui-form-validator/-/react-material-ui-form-validator-2.0.8.tgz",
      "integrity": "sha512-U+HuORWdA7GmFgNbHOc2HrEQ3OLLZYQO+DENPX6X843VR0rOyojQrNh00ePuFIRSnpv6ZGNz5ob5ShBUYnchPQ==",
      "requires": {
        "react-form-validator-core": "0.6.3"
      }
    }
  }
}
